# This file is automatically @generated by Cargo.
# It is not intended for manual editing.
version = 3

[[package]]
name = "app"
version = "0.1.0"

[[package]]
name = "rtm-upper"
version = "0.1.0"
dependencies = [
 "support",
]

[[package]]
name = "runtime"
version = "0.1.0"
dependencies = [
 "rtm-upper",
 "support",
]

[[package]]
name = "storage"
version = "0.1.0"

[[package]]
name = "support"
version = "0.1.0"

[[package]]
name = "transport"
version = "0.1.0"
